
Microsoft Visual Studio Solution File, Format Version 12.00
# Visual Studio 15
VisualStudioVersion = 15.0.26124.0
MinimumVisualStudioVersion = 15.0.26124.0
Project("{2150E333-8FDC-42A3-9474-1A3956D46DE8}") = "src", "src", "{01E005EC-AE92-4CDD-8DD5-95D183EF41F0}"
EndProject
Project("{FAE04EC0-301F-11D3-BF4B-00C04F79EFBC}") = "IdentityServer4.MongoDB", "src\IdentityServer4.MongoDB\IdentityServer4.MongoDB.csproj", "{F32B56C1-D96C-432A-A1B8-6EDDD07FA4C1}"
EndProject
Project("{2150E333-8FDC-42A3-9474-1A3956D46DE8}") = "test", "test", "{4FC65971-DE67-4E17-8F06-9F50081BF0A0}"
EndProject
Project("{FAE04EC0-301F-11D3-BF4B-00C04F79EFBC}") = "IdentityServer4.MongoDB.UnitTests", "test\IdentityServer4.MongoDB.UnitTests\IdentityServer4.MongoDB.UnitTests.csproj", "{FD41674D-A8A1-429A-88E2-AF387089D7DB}"
EndProject
Global
	GlobalSection(SolutionConfigurationPlatforms) = preSolution
		Debug|Any CPU = Debug|Any CPU
		Debug|x64 = Debug|x64
		Debug|x86 = Debug|x86
		Release|Any CPU = Release|Any CPU
		Release|x64 = Release|x64
		Release|x86 = Release|x86
	EndGlobalSection
	GlobalSection(SolutionProperties) = preSolution
		HideSolutionNode = FALSE
	EndGlobalSection
	GlobalSection(ProjectConfigurationPlatforms) = postSolution
		{F32B56C1-D96C-432A-A1B8-6EDDD07FA4C1}.Debug|Any CPU.ActiveCfg = Debug|Any CPU
		{F32B56C1-D96C-432A-A1B8-6EDDD07FA4C1}.Debug|Any CPU.Build.0 = Debug|Any CPU
		{F32B56C1-D96C-432A-A1B8-6EDDD07FA4C1}.Debug|x64.ActiveCfg = Debug|x64
		{F32B56C1-D96C-432A-A1B8-6EDDD07FA4C1}.Debug|x64.Build.0 = Debug|x64
		{F32B56C1-D96C-432A-A1B8-6EDDD07FA4C1}.Debug|x86.ActiveCfg = Debug|x86
		{F32B56C1-D96C-432A-A1B8-6EDDD07FA4C1}.Debug|x86.Build.0 = Debug|x86
		{F32B56C1-D96C-432A-A1B8-6EDDD07FA4C1}.Release|Any CPU.ActiveCfg = Release|Any CPU
		{F32B56C1-D96C-432A-A1B8-6EDDD07FA4C1}.Release|Any CPU.Build.0 = Release|Any CPU
		{F32B56C1-D96C-432A-A1B8-6EDDD07FA4C1}.Release|x64.ActiveCfg = Release|x64
		{F32B56C1-D96C-432A-A1B8-6EDDD07FA4C1}.Release|x64.Build.0 = Release|x64
		{F32B56C1-D96C-432A-A1B8-6EDDD07FA4C1}.Release|x86.ActiveCfg = Release|x86
		{F32B56C1-D96C-432A-A1B8-6EDDD07FA4C1}.Release|x86.Build.0 = Release|x86
		{FD41674D-A8A1-429A-88E2-AF387089D7DB}.Debug|Any CPU.ActiveCfg = Debug|Any CPU
		{FD41674D-A8A1-429A-88E2-AF387089D7DB}.Debug|Any CPU.Build.0 = Debug|Any CPU
		{FD41674D-A8A1-429A-88E2-AF387089D7DB}.Debug|x64.ActiveCfg = Debug|x64
		{FD41674D-A8A1-429A-88E2-AF387089D7DB}.Debug|x64.Build.0 = Debug|x64
		{FD41674D-A8A1-429A-88E2-AF387089D7DB}.Debug|x86.ActiveCfg = Debug|x86
		{FD41674D-A8A1-429A-88E2-AF387089D7DB}.Debug|x86.Build.0 = Debug|x86
		{FD41674D-A8A1-429A-88E2-AF387089D7DB}.Release|Any CPU.ActiveCfg = Release|Any CPU
		{FD41674D-A8A1-429A-88E2-AF387089D7DB}.Release|Any CPU.Build.0 = Release|Any CPU
		{FD41674D-A8A1-429A-88E2-AF387089D7DB}.Release|x64.ActiveCfg = Release|x64
		{FD41674D-A8A1-429A-88E2-AF387089D7DB}.Release|x64.Build.0 = Release|x64
		{FD41674D-A8A1-429A-88E2-AF387089D7DB}.Release|x86.ActiveCfg = Release|x86
		{FD41674D-A8A1-429A-88E2-AF387089D7DB}.Release|x86.Build.0 = Release|x86
	EndGlobalSection
	GlobalSection(NestedProjects) = preSolution
		{F32B56C1-D96C-432A-A1B8-6EDDD07FA4C1} = {01E005EC-AE92-4CDD-8DD5-95D183EF41F0}
		{FD41674D-A8A1-429A-88E2-AF387089D7DB} = {4FC65971-DE67-4E17-8F06-9F50081BF0A0}
	EndGlobalSection
EndGlobal
